// !$*UTF8*$!
{
	archiveVersion = 1;
	classes = {
	};
	objectVersion = 51;
	objects = {

/* Begin PBXBuildFile section */
		C527955926FA65EE0090AC49 /* HomeViewController.swift in Sources */ = {isa = PBXBuildFile; fileRef = C527955826FA65EE0090AC49 /* HomeViewController.swift */; };
		C527955B26FA669F0090AC49 /* HomeScreen.swift in Sources */ = {isa = PBXBuildFile; fileRef = C527955A26FA669E0090AC49 /* HomeScreen.swift */; };
		C52EF7B926FE0DC400B53F6C /* UserDetailTableViewCell.swift in Sources */ = {isa = PBXBuildFile; fileRef = C52EF7B826FE0DC400B53F6C /* UserDetailTableViewCell.swift */; };
		C52EF7BC26FE4BE200B53F6C /* DataUser.swift in Sources */ = {isa = PBXBuildFile; fileRef = C52EF7BB26FE4BE200B53F6C /* DataUser.swift */; };
		C539B4A126FA1CC5002A8D77 /* Alert.swift in Sources */ = {isa = PBXBuildFile; fileRef = C539B4A026FA1CC5002A8D77 /* Alert.swift */; };
		C548173126EA57B10065E880 /* RegisterViewController.swift in Sources */ = {isa = PBXBuildFile; fileRef = C548173026EA57B10065E880 /* RegisterViewController.swift */; };
		C55850E72702064000917EB9 /* UserDetailView.swift in Sources */ = {isa = PBXBuildFile; fileRef = C55850E62702064000917EB9 /* UserDetailView.swift */; };
		C55850EB27024C0400917EB9 /* SportTableViewCell.swift in Sources */ = {isa = PBXBuildFile; fileRef = C55850EA27024C0400917EB9 /* SportTableViewCell.swift */; };
		C55850EE270251CA00917EB9 /* SportTableViewCellScreen.swift in Sources */ = {isa = PBXBuildFile; fileRef = C55850ED270251CA00917EB9 /* SportTableViewCellScreen.swift */; };
		C5A7300B2703A56300BFC12D /* SportCollectionViewCell.swift in Sources */ = {isa = PBXBuildFile; fileRef = C5A7300A2703A56300BFC12D /* SportCollectionViewCell.swift */; };
		C5A7300D2703A5B800BFC12D /* SportCollectionViewCellScreen.swift in Sources */ = {isa = PBXBuildFile; fileRef = C5A7300C2703A5B800BFC12D /* SportCollectionViewCellScreen.swift */; };
		C5B210A526F7C3A500777E5D /* GoogleService-Info.plist in Resources */ = {isa = PBXBuildFile; fileRef = C5B210A426F7C3A500777E5D /* GoogleService-Info.plist */; };
		C5BD002026EF81BD00B01779 /* RegisterScreen.swift in Sources */ = {isa = PBXBuildFile; fileRef = C5BD001F26EF81BD00B01779 /* RegisterScreen.swift */; };
		C5C0842E26DB29CC00936BA3 /* AppDelegate.swift in Sources */ = {isa = PBXBuildFile; fileRef = C5C0842D26DB29CC00936BA3 /* AppDelegate.swift */; };
		C5C0843026DB29CC00936BA3 /* SceneDelegate.swift in Sources */ = {isa = PBXBuildFile; fileRef = C5C0842F26DB29CC00936BA3 /* SceneDelegate.swift */; };
		C5C0843226DB29CC00936BA3 /* LoginViewController.swift in Sources */ = {isa = PBXBuildFile; fileRef = C5C0843126DB29CC00936BA3 /* LoginViewController.swift */; };
		C5C0844526DBFBEB00936BA3 /* LoginScreen.swift in Sources */ = {isa = PBXBuildFile; fileRef = C5C0844426DBFBEB00936BA3 /* LoginScreen.swift */; };
		C5C0844726DC001400936BA3 /* Assets.xcassets in Resources */ = {isa = PBXBuildFile; fileRef = C5C0844626DC001400936BA3 /* Assets.xcassets */; };
		D675E1A0350AF885ED64118F /* Pods_LoginViewCode.framework in Frameworks */ = {isa = PBXBuildFile; fileRef = CBD1BC9791861DB4EF1723DE /* Pods_LoginViewCode.framework */; };
/* End PBXBuildFile section */

/* Begin PBXFileReference section */
		17AE090B3CA5B4B367CC7C85 /* Pods-LoginViewCode.release.xcconfig */ = {isa = PBXFileReference; includeInIndex = 1; lastKnownFileType = text.xcconfig; name = "Pods-LoginViewCode.release.xcconfig"; path = "Target Support Files/Pods-LoginViewCode/Pods-LoginViewCode.release.xcconfig"; sourceTree = "<group>"; };
		608AA02FAA3A58979A214806 /* Pods-LoginViewCode.debug.xcconfig */ = {isa = PBXFileReference; includeInIndex = 1; lastKnownFileType = text.xcconfig; name = "Pods-LoginViewCode.debug.xcconfig"; path = "Target Support Files/Pods-LoginViewCode/Pods-LoginViewCode.debug.xcconfig"; sourceTree = "<group>"; };
		C527955826FA65EE0090AC49 /* HomeViewController.swift */ = {isa = PBXFileReference; lastKnownFileType = sourcecode.swift; path = HomeViewController.swift; sourceTree = "<group>"; };
		C527955A26FA669E0090AC49 /* HomeScreen.swift */ = {isa = PBXFileReference; lastKnownFileType = sourcecode.swift; path = HomeScreen.swift; sourceTree = "<group>"; };
		C52EF7B826FE0DC400B53F6C /* UserDetailTableViewCell.swift */ = {isa = PBXFileReference; lastKnownFileType = sourcecode.swift; path = UserDetailTableViewCell.swift; sourceTree = "<group>"; };
		C52EF7BB26FE4BE200B53F6C /* DataUser.swift */ = {isa = PBXFileReference; lastKnownFileType = sourcecode.swift; path = DataUser.swift; sourceTree = "<group>"; };
		C539B4A026FA1CC5002A8D77 /* Alert.swift */ = {isa = PBXFileReference; lastKnownFileType = sourcecode.swift; path = Alert.swift; sourceTree = "<group>"; };
		C548173026EA57B10065E880 /* RegisterViewController.swift */ = {isa = PBXFileReference; lastKnownFileType = sourcecode.swift; path = RegisterViewController.swift; sourceTree = "<group>"; };
		C55850E62702064000917EB9 /* UserDetailView.swift */ = {isa = PBXFileReference; lastKnownFileType = sourcecode.swift; path = UserDetailView.swift; sourceTree = "<group>"; };
		C55850EA27024C0400917EB9 /* SportTableViewCell.swift */ = {isa = PBXFileReference; lastKnownFileType = sourcecode.swift; path = SportTableViewCell.swift; sourceTree = "<group>"; };
		C55850ED270251CA00917EB9 /* SportTableViewCellScreen.swift */ = {isa = PBXFileReference; lastKnownFileType = sourcecode.swift; path = SportTableViewCellScreen.swift; sourceTree = "<group>"; };
		C5A7300A2703A56300BFC12D /* SportCollectionViewCell.swift */ = {isa = PBXFileReference; lastKnownFileType = sourcecode.swift; path = SportCollectionViewCell.swift; sourceTree = "<group>"; };
		C5A7300C2703A5B800BFC12D /* SportCollectionViewCellScreen.swift */ = {isa = PBXFileReference; lastKnownFileType = sourcecode.swift; path = SportCollectionViewCellScreen.swift; sourceTree = "<group>"; };
		C5B210A426F7C3A500777E5D /* GoogleService-Info.plist */ = {isa = PBXFileReference; fileEncoding = 4; lastKnownFileType = text.plist.xml; path = "GoogleService-Info.plist"; sourceTree = "<group>"; };
		C5BD001F26EF81BD00B01779 /* RegisterScreen.swift */ = {isa = PBXFileReference; lastKnownFileType = sourcecode.swift; path = RegisterScreen.swift; sourceTree = "<group>"; };
		C5C0842A26DB29CC00936BA3 /* LoginViewCode.app */ = {isa = PBXFileReference; explicitFileType = wrapper.application; includeInIndex = 0; path = LoginViewCode.app; sourceTree = BUILT_PRODUCTS_DIR; };
		C5C0842D26DB29CC00936BA3 /* AppDelegate.swift */ = {isa = PBXFileReference; lastKnownFileType = sourcecode.swift; path = AppDelegate.swift; sourceTree = "<group>"; };
		C5C0842F26DB29CC00936BA3 /* SceneDelegate.swift */ = {isa = PBXFileReference; lastKnownFileType = sourcecode.swift; path = SceneDelegate.swift; sourceTree = "<group>"; };
		C5C0843126DB29CC00936BA3 /* LoginViewController.swift */ = {isa = PBXFileReference; lastKnownFileType = sourcecode.swift; path = LoginViewController.swift; sourceTree = "<group>"; };
		C5C0843B26DB29D000936BA3 /* Info.plist */ = {isa = PBXFileReference; lastKnownFileType = text.plist.xml; path = Info.plist; sourceTree = "<group>"; };
		C5C0844426DBFBEB00936BA3 /* LoginScreen.swift */ = {isa = PBXFileReference; lastKnownFileType = sourcecode.swift; path = LoginScreen.swift; sourceTree = "<group>"; };
		C5C0844626DC001400936BA3 /* Assets.xcassets */ = {isa = PBXFileReference; lastKnownFileType = folder.assetcatalog; path = Assets.xcassets; sourceTree = "<group>"; };
		CBD1BC9791861DB4EF1723DE /* Pods_LoginViewCode.framework */ = {isa = PBXFileReference; explicitFileType = wrapper.framework; includeInIndex = 0; path = Pods_LoginViewCode.framework; sourceTree = BUILT_PRODUCTS_DIR; };
/* End PBXFileReference section */

/* Begin PBXFrameworksBuildPhase section */
		C5C0842726DB29CC00936BA3 /* Frameworks */ = {
			isa = PBXFrameworksBuildPhase;
			buildActionMask = 2147483647;
			files = (
				D675E1A0350AF885ED64118F /* Pods_LoginViewCode.framework in Frameworks */,
			);
			runOnlyForDeploymentPostprocessing = 0;
		};
/* End PBXFrameworksBuildPhase section */

/* Begin PBXGroup section */
		0604D910D3D9438B708C3D83 /* Frameworks */ = {
			isa = PBXGroup;
			children = (
				CBD1BC9791861DB4EF1723DE /* Pods_LoginViewCode.framework */,
			);
			name = Frameworks;
			sourceTree = "<group>";
		};
		C16D11C8A6825147C99AEC6B /* Pods */ = {
			isa = PBXGroup;
			children = (
				608AA02FAA3A58979A214806 /* Pods-LoginViewCode.debug.xcconfig */,
				17AE090B3CA5B4B367CC7C85 /* Pods-LoginViewCode.release.xcconfig */,
			);
			path = Pods;
			sourceTree = "<group>";
		};
		C527955526FA65B00090AC49 /* Home */ = {
			isa = PBXGroup;
			children = (
				C52EF7BA26FE4BCD00B53F6C /* Model */,
				C52EF7B726FE0D7800B53F6C /* Cell */,
				C527955726FA65C80090AC49 /* Screen */,
				C527955626FA65BE0090AC49 /* VC */,
			);
			path = Home;
			sourceTree = "<group>";
		};
		C527955626FA65BE0090AC49 /* VC */ = {
			isa = PBXGroup;
			children = (
				C527955826FA65EE0090AC49 /* HomeViewController.swift */,
			);
			path = VC;
			sourceTree = "<group>";
		};
		C527955726FA65C80090AC49 /* Screen */ = {
			isa = PBXGroup;
			children = (
				C527955A26FA669E0090AC49 /* HomeScreen.swift */,
			);
			path = Screen;
			sourceTree = "<group>";
		};
		C52EF7B726FE0D7800B53F6C /* Cell */ = {
			isa = PBXGroup;
			children = (
				C55850E927024BD700917EB9 /* SportTableViewCell */,
				C55850E827024B9400917EB9 /* UserDetailTableViewCell */,
			);
			path = Cell;
			sourceTree = "<group>";
		};
		C52EF7BA26FE4BCD00B53F6C /* Model */ = {
			isa = PBXGroup;
			children = (
				C52EF7BB26FE4BE200B53F6C /* DataUser.swift */,
			);
			path = Model;
			sourceTree = "<group>";
		};
		C539B49F26FA1CAE002A8D77 /* Alert */ = {
			isa = PBXGroup;
			children = (
				C539B4A026FA1CC5002A8D77 /* Alert.swift */,
			);
			path = Alert;
			sourceTree = "<group>";
		};
		C548172D26EA572C0065E880 /* Register */ = {
			isa = PBXGroup;
			children = (
				C548172F26EA57570065E880 /* Screen */,
				C548172E26EA57530065E880 /* VC */,
			);
			path = Register;
			sourceTree = "<group>";
		};
		C548172E26EA57530065E880 /* VC */ = {
			isa = PBXGroup;
			children = (
				C548173026EA57B10065E880 /* RegisterViewController.swift */,
			);
			path = VC;
			sourceTree = "<group>";
		};
		C548172F26EA57570065E880 /* Screen */ = {
			isa = PBXGroup;
			children = (
				C5BD001F26EF81BD00B01779 /* RegisterScreen.swift */,
			);
			path = Screen;
			sourceTree = "<group>";
		};
		C55850E52702060600917EB9 /* CustomView */ = {
			isa = PBXGroup;
			children = (
				C55850E62702064000917EB9 /* UserDetailView.swift */,
			);
			path = CustomView;
			sourceTree = "<group>";
		};
		C55850E827024B9400917EB9 /* UserDetailTableViewCell */ = {
			isa = PBXGroup;
			children = (
				C55850E52702060600917EB9 /* CustomView */,
				C52EF7B826FE0DC400B53F6C /* UserDetailTableViewCell.swift */,
			);
			path = UserDetailTableViewCell;
			sourceTree = "<group>";
		};
		C55850E927024BD700917EB9 /* SportTableViewCell */ = {
			isa = PBXGroup;
			children = (
				C5A730092703A50300BFC12D /* CollectionViewCell */,
				C55850EF270251D800917EB9 /* CustomView */,
				C55850EA27024C0400917EB9 /* SportTableViewCell.swift */,
			);
			path = SportTableViewCell;
			sourceTree = "<group>";
		};
		C55850EF270251D800917EB9 /* CustomView */ = {
			isa = PBXGroup;
			children = (
				C55850ED270251CA00917EB9 /* SportTableViewCellScreen.swift */,
			);
			path = CustomView;
			sourceTree = "<group>";
		};
		C5A730092703A50300BFC12D /* CollectionViewCell */ = {
			isa = PBXGroup;
			children = (
				C5A7300E2703A5C100BFC12D /* CollectionCustomView */,
				C5A7300A2703A56300BFC12D /* SportCollectionViewCell.swift */,
			);
			path = CollectionViewCell;
			sourceTree = "<group>";
		};
		C5A7300E2703A5C100BFC12D /* CollectionCustomView */ = {
			isa = PBXGroup;
			children = (
				C5A7300C2703A5B800BFC12D /* SportCollectionViewCellScreen.swift */,
			);
			path = CollectionCustomView;
			sourceTree = "<group>";
		};
		C5C0842126DB29CC00936BA3 = {
			isa = PBXGroup;
			children = (
				C5C0842C26DB29CC00936BA3 /* LoginViewCode */,
				C5C0842B26DB29CC00936BA3 /* Products */,
				C16D11C8A6825147C99AEC6B /* Pods */,
				0604D910D3D9438B708C3D83 /* Frameworks */,
			);
			sourceTree = "<group>";
		};
		C5C0842B26DB29CC00936BA3 /* Products */ = {
			isa = PBXGroup;
			children = (
				C5C0842A26DB29CC00936BA3 /* LoginViewCode.app */,
			);
			name = Products;
			sourceTree = "<group>";
		};
		C5C0842C26DB29CC00936BA3 /* LoginViewCode */ = {
			isa = PBXGroup;
			children = (
				C527955526FA65B00090AC49 /* Home */,
				C539B49F26FA1CAE002A8D77 /* Alert */,
				C548172D26EA572C0065E880 /* Register */,
				C5C0844126DBFB9300936BA3 /* Login */,
				C5C0842D26DB29CC00936BA3 /* AppDelegate.swift */,
				C5C0842F26DB29CC00936BA3 /* SceneDelegate.swift */,
				C5C0844626DC001400936BA3 /* Assets.xcassets */,
				C5C0843B26DB29D000936BA3 /* Info.plist */,
				C5B210A426F7C3A500777E5D /* GoogleService-Info.plist */,
			);
			path = LoginViewCode;
			sourceTree = "<group>";
		};
		C5C0844126DBFB9300936BA3 /* Login */ = {
			isa = PBXGroup;
			children = (
				C5C0844326DBFBAF00936BA3 /* Screen */,
				C5C0844226DBFB9D00936BA3 /* VC */,
			);
			path = Login;
			sourceTree = "<group>";
		};
		C5C0844226DBFB9D00936BA3 /* VC */ = {
			isa = PBXGroup;
			children = (
				C5C0843126DB29CC00936BA3 /* LoginViewController.swift */,
			);
			path = VC;
			sourceTree = "<group>";
		};
		C5C0844326DBFBAF00936BA3 /* Screen */ = {
			isa = PBXGroup;
			children = (
				C5C0844426DBFBEB00936BA3 /* LoginScreen.swift */,
			);
			path = Screen;
			sourceTree = "<group>";
		};
/* End PBXGroup section */

/* Begin PBXNativeTarget section */
		C5C0842926DB29CC00936BA3 /* LoginViewCode */ = {
			isa = PBXNativeTarget;
			buildConfigurationList = C5C0843E26DB29D000936BA3 /* Build configuration list for PBXNativeTarget "LoginViewCode" */;
			buildPhases = (
				7843C135265BCDD6F8B8D937 /* [CP] Check Pods Manifest.lock */,
				C5C0842626DB29CC00936BA3 /* Sources */,
				C5C0842726DB29CC00936BA3 /* Frameworks */,
				C5C0842826DB29CC00936BA3 /* Resources */,
				2F7798E0F06EAA991EEBB2B3 /* [CP] Embed Pods Frameworks */,
			);
			buildRules = (
			);
			dependencies = (
			);
			name = LoginViewCode;
			productName = LoginViewCode;
			productReference = C5C0842A26DB29CC00936BA3 /* LoginViewCode.app */;
			productType = "com.apple.product-type.application";
		};
/* End PBXNativeTarget section */

/* Begin PBXProject section */
		C5C0842226DB29CC00936BA3 /* Project object */ = {
			isa = PBXProject;
			attributes = {
				LastSwiftUpdateCheck = 1250;
				LastUpgradeCheck = 1250;
				TargetAttributes = {
					C5C0842926DB29CC00936BA3 = {
						CreatedOnToolsVersion = 12.5.1;
					};
				};
			};
			buildConfigurationList = C5C0842526DB29CC00936BA3 /* Build configuration list for PBXProject "LoginViewCode" */;
			compatibilityVersion = "Xcode 9.3";
			developmentRegion = en;
			hasScannedForEncodings = 0;
			knownRegions = (
				en,
				Base,
			);
			mainGroup = C5C0842126DB29CC00936BA3;
			productRefGroup = C5C0842B26DB29CC00936BA3 /* Products */;
			projectDirPath = "";
			projectRoot = "";
			targets = (
				C5C0842926DB29CC00936BA3 /* LoginViewCode */,
			);
		};
/* End PBXProject section */

/* Begin PBXResourcesBuildPhase section */
		C5C0842826DB29CC00936BA3 /* Resources */ = {
			isa = PBXResourcesBuildPhase;
			buildActionMask = 2147483647;
			files = (
				C5C0844726DC001400936BA3 /* Assets.xcassets in Resources */,
				C5B210A526F7C3A500777E5D /* GoogleService-Info.plist in Resources */,
			);
			runOnlyForDeploymentPostprocessing = 0;
		};
/* End PBXResourcesBuildPhase section */

/* Begin PBXShellScriptBuildPhase section */
		2F7798E0F06EAA991EEBB2B3 /* [CP] Embed Pods Frameworks */ = {
			isa = PBXShellScriptBuildPhase;
			buildActionMask = 2147483647;
			files = (
			);
			inputFileListPaths = (
				"${PODS_ROOT}/Target Support Files/Pods-LoginViewCode/Pods-LoginViewCode-frameworks-${CONFIGURATION}-input-files.xcfilelist",
			);
			name = "[CP] Embed Pods Frameworks";
			outputFileListPaths = (
				"${PODS_ROOT}/Target Support Files/Pods-LoginViewCode/Pods-LoginViewCode-frameworks-${CONFIGURATION}-output-files.xcfilelist",
			);
			runOnlyForDeploymentPostprocessing = 0;
			shellPath = /bin/sh;
			shellScript = "\"${PODS_ROOT}/Target Support Files/Pods-LoginViewCode/Pods-LoginViewCode-frameworks.sh\"\n";
			showEnvVarsInLog = 0;
		};
		7843C135265BCDD6F8B8D937 /* [CP] Check Pods Manifest.lock */ = {
			isa = PBXShellScriptBuildPhase;
			buildActionMask = 2147483647;
			files = (
			);
			inputFileListPaths = (
			);
			inputPaths = (
				"${PODS_PODFILE_DIR_PATH}/Podfile.lock",
				"${PODS_ROOT}/Manifest.lock",
			);
			name = "[CP] Check Pods Manifest.lock";
			outputFileListPaths = (
			);
			outputPaths = (
				"$(DERIVED_FILE_DIR)/Pods-LoginViewCode-checkManifestLockResult.txt",
			);
			runOnlyForDeploymentPostprocessing = 0;
			shellPath = /bin/sh;
			shellScript = "diff \"${PODS_PODFILE_DIR_PATH}/Podfile.lock\" \"${PODS_ROOT}/Manifest.lock\" > /dev/null\nif [ $? != 0 ] ; then\n    # print error to STDERR\n    echo \"error: The sandbox is not in sync with the Podfile.lock. Run 'pod install' or update your CocoaPods installation.\" >&2\n    exit 1\nfi\n# This output is used by Xcode 'outputs' to avoid re-running this script phase.\necho \"SUCCESS\" > \"${SCRIPT_OUTPUT_FILE_0}\"\n";
			showEnvVarsInLog = 0;
		};
/* End PBXShellScriptBuildPhase section */

/* Begin PBXSourcesBuildPhase section */
		C5C0842626DB29CC00936BA3 /* Sources */ = {
			isa = PBXSourcesBuildPhase;
			buildActionMask = 2147483647;
			files = (
				C5BD002026EF81BD00B01779 /* RegisterScreen.swift in Sources */,
				C5C0843226DB29CC00936BA3 /* LoginViewController.swift in Sources */,
				C548173126EA57B10065E880 /* RegisterViewController.swift in Sources */,
				C5A7300B2703A56300BFC12D /* SportCollectionViewCell.swift in Sources */,
				C527955926FA65EE0090AC49 /* HomeViewController.swift in Sources */,
				C5A7300D2703A5B800BFC12D /* SportCollectionViewCellScreen.swift in Sources */,
				C55850E72702064000917EB9 /* UserDetailView.swift in Sources */,
				C52EF7BC26FE4BE200B53F6C /* DataUser.swift in Sources */,
				C55850EE270251CA00917EB9 /* SportTableViewCellScreen.swift in Sources */,
				C55850EB27024C0400917EB9 /* SportTableViewCell.swift in Sources */,
				C5C0844526DBFBEB00936BA3 /* LoginScreen.swift in Sources */,
				C52EF7B926FE0DC400B53F6C /* UserDetailTableViewCell.swift in Sources */,
				C527955B26FA669F0090AC49 /* HomeScreen.swift in Sources */,
				C5C0842E26DB29CC00936BA3 /* AppDelegate.swift in Sources */,
				C5C0843026DB29CC00936BA3 /* SceneDelegate.swift in Sources */,
				C539B4A126FA1CC5002A8D77 /* Alert.swift in Sources */,
			);
			runOnlyForDeploymentPostprocessing = 0;
		};
/* End PBXSourcesBuildPhase section */

/* Begin XCBuildConfiguration section */
		C5C0843C26DB29D000936BA3 /* Debug */ = {
			isa = XCBuildConfiguration;
			buildSettings = {
				ALWAYS_SEARCH_USER_PATHS = NO;
				CLANG_ANALYZER_NONNULL = YES;
				CLANG_ANALYZER_NUMBER_OBJECT_CONVERSION = YES_AGGRESSIVE;
				CLANG_CXX_LANGUAGE_STANDARD = "gnu++14";
				CLANG_CXX_LIBRARY = "libc++";
				CLANG_ENABLE_MODULES = YES;
				CLANG_ENABLE_OBJC_ARC = YES;
				CLANG_ENABLE_OBJC_WEAK = YES;
				CLANG_WARN_BLOCK_CAPTURE_AUTORELEASING = YES;
				CLANG_WARN_BOOL_CONVERSION = YES;
				CLANG_WARN_COMMA = YES;
				CLANG_WARN_CONSTANT_CONVERSION = YES;
				CLANG_WARN_DEPRECATED_OBJC_IMPLEMENTATIONS = YES;
				CLANG_WARN_DIRECT_OBJC_ISA_USAGE = YES_ERROR;
				CLANG_WARN_DOCUMENTATION_COMMENTS = YES;
				CLANG_WARN_EMPTY_BODY = YES;
				CLANG_WARN_ENUM_CONVERSION = YES;
				CLANG_WARN_INFINITE_RECURSION = YES;
				CLANG_WARN_INT_CONVERSION = YES;
				CLANG_WARN_NON_LITERAL_NULL_CONVERSION = YES;
				CLANG_WARN_OBJC_IMPLICIT_RETAIN_SELF = YES;
				CLANG_WARN_OBJC_LITERAL_CONVERSION = YES;
				CLANG_WARN_OBJC_ROOT_CLASS = YES_ERROR;
				CLANG_WARN_QUOTED_INCLUDE_IN_FRAMEWORK_HEADER = YES;
				CLANG_WARN_RANGE_LOOP_ANALYSIS = YES;
				CLANG_WARN_STRICT_PROTOTYPES = YES;
				CLANG_WARN_SUSPICIOUS_MOVE = YES;
				CLANG_WARN_UNGUARDED_AVAILABILITY = YES_AGGRESSIVE;
				CLANG_WARN_UNREACHABLE_CODE = YES;
				CLANG_WARN__DUPLICATE_METHOD_MATCH = YES;
				COPY_PHASE_STRIP = NO;
				DEBUG_INFORMATION_FORMAT = dwarf;
				ENABLE_STRICT_OBJC_MSGSEND = YES;
				ENABLE_TESTABILITY = YES;
				GCC_C_LANGUAGE_STANDARD = gnu11;
				GCC_DYNAMIC_NO_PIC = NO;
				GCC_NO_COMMON_BLOCKS = YES;
				GCC_OPTIMIZATION_LEVEL = 0;
				GCC_PREPROCESSOR_DEFINITIONS = (
					"DEBUG=1",
					"$(inherited)",
				);
				GCC_WARN_64_TO_32_BIT_CONVERSION = YES;
				GCC_WARN_ABOUT_RETURN_TYPE = YES_ERROR;
				GCC_WARN_UNDECLARED_SELECTOR = YES;
				GCC_WARN_UNINITIALIZED_AUTOS = YES_AGGRESSIVE;
				GCC_WARN_UNUSED_FUNCTION = YES;
				GCC_WARN_UNUSED_VARIABLE = YES;
				IPHONEOS_DEPLOYMENT_TARGET = 14.5;
				MTL_ENABLE_DEBUG_INFO = INCLUDE_SOURCE;
				MTL_FAST_MATH = YES;
				ONLY_ACTIVE_ARCH = YES;
				SDKROOT = iphoneos;
				SWIFT_ACTIVE_COMPILATION_CONDITIONS = DEBUG;
				SWIFT_OPTIMIZATION_LEVEL = "-Onone";
			};
			name = Debug;
		};
		C5C0843D26DB29D000936BA3 /* Release */ = {
			isa = XCBuildConfiguration;
			buildSettings = {
				ALWAYS_SEARCH_USER_PATHS = NO;
				CLANG_ANALYZER_NONNULL = YES;
				CLANG_ANALYZER_NUMBER_OBJECT_CONVERSION = YES_AGGRESSIVE;
				CLANG_CXX_LANGUAGE_STANDARD = "gnu++14";
				CLANG_CXX_LIBRARY = "libc++";
				CLANG_ENABLE_MODULES = YES;
				CLANG_ENABLE_OBJC_ARC = YES;
				CLANG_ENABLE_OBJC_WEAK = YES;
				CLANG_WARN_BLOCK_CAPTURE_AUTORELEASING = YES;
				CLANG_WARN_BOOL_CONVERSION = YES;
				CLANG_WARN_COMMA = YES;
				CLANG_WARN_CONSTANT_CONVERSION = YES;
				CLANG_WARN_DEPRECATED_OBJC_IMPLEMENTATIONS = YES;
				CLANG_WARN_DIRECT_OBJC_ISA_USAGE = YES_ERROR;
				CLANG_WARN_DOCUMENTATION_COMMENTS = YES;
				CLANG_WARN_EMPTY_BODY = YES;
				CLANG_WARN_ENUM_CONVERSION = YES;
				CLANG_WARN_INFINITE_RECURSION = YES;
				CLANG_WARN_INT_CONVERSION = YES;
				CLANG_WARN_NON_LITERAL_NULL_CONVERSION = YES;
				CLANG_WARN_OBJC_IMPLICIT_RETAIN_SELF = YES;
				CLANG_WARN_OBJC_LITERAL_CONVERSION = YES;
				CLANG_WARN_OBJC_ROOT_CLASS = YES_ERROR;
				CLANG_WARN_QUOTED_INCLUDE_IN_FRAMEWORK_HEADER = YES;
				CLANG_WARN_RANGE_LOOP_ANALYSIS = YES;
				CLANG_WARN_STRICT_PROTOTYPES = YES;
				CLANG_WARN_SUSPICIOUS_MOVE = YES;
				CLANG_WARN_UNGUARDED_AVAILABILITY = YES_AGGRESSIVE;
				CLANG_WARN_UNREACHABLE_CODE = YES;
				CLANG_WARN__DUPLICATE_METHOD_MATCH = YES;
				COPY_PHASE_STRIP = NO;
				DEBUG_INFORMATION_FORMAT = "dwarf-with-dsym";
				ENABLE_NS_ASSERTIONS = NO;
				ENABLE_STRICT_OBJC_MSGSEND = YES;
				GCC_C_LANGUAGE_STANDARD = gnu11;
				GCC_NO_COMMON_BLOCKS = YES;
				GCC_WARN_64_TO_32_BIT_CONVERSION = YES;
				GCC_WARN_ABOUT_RETURN_TYPE = YES_ERROR;
				GCC_WARN_UNDECLARED_SELECTOR = YES;
				GCC_WARN_UNINITIALIZED_AUTOS = YES_AGGRESSIVE;
				GCC_WARN_UNUSED_FUNCTION = YES;
				GCC_WARN_UNUSED_VARIABLE = YES;
				IPHONEOS_DEPLOYMENT_TARGET = 14.5;
				MTL_ENABLE_DEBUG_INFO = NO;
				MTL_FAST_MATH = YES;
				SDKROOT = iphoneos;
				SWIFT_COMPILATION_MODE = wholemodule;
				SWIFT_OPTIMIZATION_LEVEL = "-O";
				VALIDATE_PRODUCT = YES;
			};
			name = Release;
		};
		C5C0843F26DB29D000936BA3 /* Debug */ = {
			isa = XCBuildConfiguration;
			baseConfigurationReference = 608AA02FAA3A58979A214806 /* Pods-LoginViewCode.debug.xcconfig */;
			buildSettings = {
				ASSETCATALOG_COMPILER_APPICON_NAME = AppIcon;
				ASSETCATALOG_COMPILER_GLOBAL_ACCENT_COLOR_NAME = AccentColor;
				CODE_SIGN_STYLE = Automatic;
				DEVELOPMENT_TEAM = KA74A9Q966;
				INFOPLIST_FILE = LoginViewCode/Info.plist;
				LD_RUNPATH_SEARCH_PATHS = (
					"$(inherited)",
					"@executable_path/Frameworks",
				);
				PRODUCT_BUNDLE_IDENTIFIER = "Jean-Camargo.LoginViewCode";
				PRODUCT_NAME = "$(TARGET_NAME)";
				SWIFT_VERSION = 5.0;
				TARGETED_DEVICE_FAMILY = "1,2";
			};
			name = Debug;
		};
		C5C0844026DB29D000936BA3 /* Release */ = {
			isa = XCBuildConfiguration;
			baseConfigurationReference = 17AE090B3CA5B4B367CC7C85 /* Pods-LoginViewCode.release.xcconfig */;
			buildSettings = {
				ASSETCATALOG_COMPILER_APPICON_NAME = AppIcon;
				ASSETCATALOG_COMPILER_GLOBAL_ACCENT_COLOR_NAME = AccentColor;
				CODE_SIGN_STYLE = Automatic;
				DEVELOPMENT_TEAM = KA74A9Q966;
				INFOPLIST_FILE = LoginViewCode/Info.plist;
				LD_RUNPATH_SEARCH_PATHS = (
					"$(inherited)",
					"@executable_path/Frameworks",
				);
				PRODUCT_BUNDLE_IDENTIFIER = "Jean-Camargo.LoginViewCode";
				PRODUCT_NAME = "$(TARGET_NAME)";
				SWIFT_VERSION = 5.0;
				TARGETED_DEVICE_FAMILY = "1,2";
			};
			name = Release;
		};
/* End XCBuildConfiguration section */

/* Begin XCConfigurationList section */
		C5C0842526DB29CC00936BA3 /* Build configuration list for PBXProject "LoginViewCode" */ = {
			isa = XCConfigurationList;
			buildConfigurations = (
				C5C0843C26DB29D000936BA3 /* Debug */,
				C5C0843D26DB29D000936BA3 /* Release */,
			);
			defaultConfigurationIsVisible = 0;
			defaultConfigurationName = Release;
		};
		C5C0843E26DB29D000936BA3 /* Build configuration list for PBXNativeTarget "LoginViewCode" */ = {
			isa = XCConfigurationList;
			buildConfigurations = (
				C5C0843F26DB29D000936BA3 /* Debug */,
				C5C0844026DB29D000936BA3 /* Release */,
			);
			defaultConfigurationIsVisible = 0;
			defaultConfigurationName = Release;
		};
/* End XCConfigurationList section */
	};
	rootObject = C5C0842226DB29CC00936BA3 /* Project object */;
}
